
Microsoft Visual Studio Solution File, Format Version 12.00
# Visual Studio Version 17
VisualStudioVersion = 17.4.33205.214
MinimumVisualStudioVersion = 10.0.40219.1
Project("{9A19103F-16F7-4668-BE54-9A1E7A4F7556}") = "CarManufacturer", "Defining Classes\CarManufacturer.csproj", "{C2A070A5-88CA-402B-85C3-5E1A49C68209}"
EndProject
Global
	GlobalSection(SolutionConfigurationPlatforms) = preSolution
		Debug|Any CPU = Debug|Any CPU
		Release|Any CPU = Release|Any CPU
	EndGlobalSection
	GlobalSection(ProjectConfigurationPlatforms) = postSolution
		{C2A070A5-88CA-402B-85C3-5E1A49C68209}.Debug|Any CPU.ActiveCfg = Debug|Any CPU
		{C2A070A5-88CA-402B-85C3-5E1A49C68209}.Debug|Any CPU.Build.0 = Debug|Any CPU
		{C2A070A5-88CA-402B-85C3-5E1A49C68209}.Release|Any CPU.ActiveCfg = Release|Any CPU
		{C2A070A5-88CA-402B-85C3-5E1A49C68209}.Release|Any CPU.Build.0 = Release|Any CPU
	EndGlobalSection
	GlobalSection(SolutionProperties) = preSolution
		HideSolutionNode = FALSE
	EndGlobalSection
	GlobalSection(ExtensibilityGlobals) = postSolution
		SolutionGuid = {651426CC-38FB-45B3-82F5-F3D1487B3D66}
	EndGlobalSection
EndGlobal
